# THIS IS AN AUTOGENERATED FILE. DO NOT EDIT THIS FILE DIRECTLY.
# yarn lockfile v1


p5@^0.7.2:
  version "0.7.3"
  resolved "https://registry.yarnpkg.com/p5/-/p5-0.7.3.tgz#a0660327feb8da3e43359a16ad62566b96a7cabe"
  integrity sha512-Ap0Op/YlbqlBe9BEkpislygOKcID9+i6lbGHcUY/QkgZl21+Jy0GPpw+bLjgURk/wlloLcXGnUDpuGsP0xsx2Q==

vue-p5@0.7.x:
  version "0.7.1"
  resolved "https://registry.yarnpkg.com/vue-p5/-/vue-p5-0.7.1.tgz#9899ba1550bb8087dc9d671d190046558fdacdf9"
  integrity sha512-seUVCxqVyw2VvxviZ94b6Z7rEgBefDIc8xuyts0VcgTpqRqQ6TbYV6yDKf8N0EC0U43jBOkOIUwcJU8zj6tQhQ==
  dependencies:
    p5 "^0.7.2"
